
Microsoft Visual Studio Solution File, Format Version 12.00
# Visual Studio Version 17
VisualStudioVersion = 17.6.33723.286
MinimumVisualStudioVersion = 10.0.40219.1
Project("{FAE04EC0-301F-11D3-BF4B-00C04F79EFBC}") = "lawn-wizard-platform", "lawn-wizard-platform.csproj", "{E96C54FB-9465-41D1-8E78-1C487D2C2625}"
EndProject
Global
	GlobalSection(SolutionConfigurationPlatforms) = preSolution
		Debug|Any CPU = Debug|Any CPU
		Release|Any CPU = Release|Any CPU
	EndGlobalSection
	GlobalSection(ProjectConfigurationPlatforms) = postSolution
		{E96C54FB-9465-41D1-8E78-1C487D2C2625}.Debug|Any CPU.ActiveCfg = Debug|Any CPU
		{E96C54FB-9465-41D1-8E78-1C487D2C2625}.Debug|Any CPU.Build.0 = Debug|Any CPU
		{E96C54FB-9465-41D1-8E78-1C487D2C2625}.Release|Any CPU.ActiveCfg = Release|Any CPU
		{E96C54FB-9465-41D1-8E78-1C487D2C2625}.Release|Any CPU.Build.0 = Release|Any CPU
	EndGlobalSection
	GlobalSection(SolutionProperties) = preSolution
		HideSolutionNode = FALSE
	EndGlobalSection
	GlobalSection(ExtensibilityGlobals) = postSolution
		SolutionGuid = {A5D623F9-9FFE-45FD-9027-647BB1BC381E}
	EndGlobalSection
EndGlobal
